Microsoft Visual Studio Solution File, Format Version 12.00
# Visual Studio Version 17
VisualStudioVersion = 17.5.2.0
MinimumVisualStudioVersion = 10.0.40219.1
Project("{FAE04EC0-301F-11D3-BF4B-00C04F79EFBC}") = "WorkerNodeApp", "WorkerNodeApp\WorkerNodeApp.csproj", "{25B005AE-9697-E221-8E7E-F0B00B103E53}"
EndProject
Project("{FAE04EC0-301F-11D3-BF4B-00C04F79EFBC}") = "CentralApp", "CentralApp\CentralApp.csproj", "{E5B5AE44-8AF0-280D-4DDA-358393F914E6}"
EndProject
Global
	GlobalSection(SolutionConfigurationPlatforms) = preSolution
		Debug|Any CPU = Debug|Any CPU
		Release|Any CPU = Release|Any CPU
	EndGlobalSection
	GlobalSection(ProjectConfigurationPlatforms) = postSolution
		{25B005AE-9697-E221-8E7E-F0B00B103E53}.Debug|Any CPU.ActiveCfg = Debug|Any CPU
		{25B005AE-9697-E221-8E7E-F0B00B103E53}.Debug|Any CPU.Build.0 = Debug|Any CPU
		{25B005AE-9697-E221-8E7E-F0B00B103E53}.Release|Any CPU.ActiveCfg = Release|Any CPU
		{25B005AE-9697-E221-8E7E-F0B00B103E53}.Release|Any CPU.Build.0 = Release|Any CPU
		{E5B5AE44-8AF0-280D-4DDA-358393F914E6}.Debug|Any CPU.ActiveCfg = Debug|Any CPU
		{E5B5AE44-8AF0-280D-4DDA-358393F914E6}.Debug|Any CPU.Build.0 = Debug|Any CPU
		{E5B5AE44-8AF0-280D-4DDA-358393F914E6}.Release|Any CPU.ActiveCfg = Release|Any CPU
		{E5B5AE44-8AF0-280D-4DDA-358393F914E6}.Release|Any CPU.Build.0 = Release|Any CPU
	EndGlobalSection
	GlobalSection(SolutionProperties) = preSolution
		HideSolutionNode = FALSE
	EndGlobalSection
	GlobalSection(ExtensibilityGlobals) = postSolution
		SolutionGuid = {787A8193-0B3E-4A85-907B-3DADC4428C48}
	EndGlobalSection
EndGlobal
