
Microsoft Visual Studio Solution File, Format Version 12.00
# Visual Studio Version 17
VisualStudioVersion = 17.5.2.0
MinimumVisualStudioVersion = 10.0.40219.1
Project("{2150E333-8FDC-42A3-9474-1A3956D46DE8}") = "Libraries", "Libraries", "{4DCC157F-2F99-42E1-92BE-3A0FFB8961CB}"
EndProject
Project("{FAE04EC0-301F-11D3-BF4B-00C04F79EFBC}") = "SPP.DataProcessing", "Libraries\SPP.DataProcessing\SPP.DataProcessing.csproj", "{87DB4F26-BCB9-4484-B956-F0F070880553}"
EndProject
Project("{FAE04EC0-301F-11D3-BF4B-00C04F79EFBC}") = "SPP.MasterNode", "SPP.MasterNode\SPP.MasterNode.csproj", "{805C3563-5772-44F1-9FE3-D741D1B86075}"
EndProject
Project("{FAE04EC0-301F-11D3-BF4B-00C04F79EFBC}") = "SPP.WorkerNode", "SPP.WorkerNode\SPP.WorkerNode.csproj", "{343BBF16-EC73-49EA-ACCB-365DB0F46B2D}"
EndProject
Project("{FAE04EC0-301F-11D3-BF4B-00C04F79EFBC}") = "SPP.Communication", "Libraries\SPP.Communication\SPP.Communication.csproj", "{A4CF18AF-28A1-4621-8188-406A93B692C7}"
EndProject
Project("{2150E333-8FDC-42A3-9474-1A3956D46DE8}") = "Tests", "Tests", "{0AB3BF05-4346-4AA6-1389-037BE0695223}"
EndProject
Project("{FAE04EC0-301F-11D3-BF4B-00C04F79EFBC}") = "SPP.DataProcessing.Tests", "Tests\SPP.DataProcessing.Tests\SPP.DataProcessing.Tests.csproj", "{B6D2770F-9308-4EDE-9AED-3872DD3D971F}"
EndProject
Global
	GlobalSection(SolutionConfigurationPlatforms) = preSolution
		Debug|Any CPU = Debug|Any CPU
		Debug|x64 = Debug|x64
		Debug|x86 = Debug|x86
		Release|Any CPU = Release|Any CPU
		Release|x64 = Release|x64
		Release|x86 = Release|x86
	EndGlobalSection
	GlobalSection(ProjectConfigurationPlatforms) = postSolution
		{87DB4F26-BCB9-4484-B956-F0F070880553}.Debug|Any CPU.ActiveCfg = Debug|Any CPU
		{87DB4F26-BCB9-4484-B956-F0F070880553}.Debug|Any CPU.Build.0 = Debug|Any CPU
		{87DB4F26-BCB9-4484-B956-F0F070880553}.Debug|x64.ActiveCfg = Debug|Any CPU
		{87DB4F26-BCB9-4484-B956-F0F070880553}.Debug|x64.Build.0 = Debug|Any CPU
		{87DB4F26-BCB9-4484-B956-F0F070880553}.Debug|x86.ActiveCfg = Debug|Any CPU
		{87DB4F26-BCB9-4484-B956-F0F070880553}.Debug|x86.Build.0 = Debug|Any CPU
		{87DB4F26-BCB9-4484-B956-F0F070880553}.Release|Any CPU.ActiveCfg = Release|Any CPU
		{87DB4F26-BCB9-4484-B956-F0F070880553}.Release|Any CPU.Build.0 = Release|Any CPU
		{87DB4F26-BCB9-4484-B956-F0F070880553}.Release|x64.ActiveCfg = Release|Any CPU
		{87DB4F26-BCB9-4484-B956-F0F070880553}.Release|x64.Build.0 = Release|Any CPU
		{87DB4F26-BCB9-4484-B956-F0F070880553}.Release|x86.ActiveCfg = Release|Any CPU
		{87DB4F26-BCB9-4484-B956-F0F070880553}.Release|x86.Build.0 = Release|Any CPU
		{805C3563-5772-44F1-9FE3-D741D1B86075}.Debug|Any CPU.ActiveCfg = Debug|Any CPU
		{805C3563-5772-44F1-9FE3-D741D1B86075}.Debug|Any CPU.Build.0 = Debug|Any CPU
		{805C3563-5772-44F1-9FE3-D741D1B86075}.Debug|x64.ActiveCfg = Debug|Any CPU
		{805C3563-5772-44F1-9FE3-D741D1B86075}.Debug|x64.Build.0 = Debug|Any CPU
		{805C3563-5772-44F1-9FE3-D741D1B86075}.Debug|x86.ActiveCfg = Debug|Any CPU
		{805C3563-5772-44F1-9FE3-D741D1B86075}.Debug|x86.Build.0 = Debug|Any CPU
		{805C3563-5772-44F1-9FE3-D741D1B86075}.Release|Any CPU.ActiveCfg = Release|Any CPU
		{805C3563-5772-44F1-9FE3-D741D1B86075}.Release|Any CPU.Build.0 = Release|Any CPU
		{805C3563-5772-44F1-9FE3-D741D1B86075}.Release|x64.ActiveCfg = Release|Any CPU
		{805C3563-5772-44F1-9FE3-D741D1B86075}.Release|x64.Build.0 = Release|Any CPU
		{805C3563-5772-44F1-9FE3-D741D1B86075}.Release|x86.ActiveCfg = Release|Any CPU
		{805C3563-5772-44F1-9FE3-D741D1B86075}.Release|x86.Build.0 = Release|Any CPU
		{343BBF16-EC73-49EA-ACCB-365DB0F46B2D}.Debug|Any CPU.ActiveCfg = Debug|Any CPU
		{343BBF16-EC73-49EA-ACCB-365DB0F46B2D}.Debug|Any CPU.Build.0 = Debug|Any CPU
		{343BBF16-EC73-49EA-ACCB-365DB0F46B2D}.Debug|x64.ActiveCfg = Debug|Any CPU
		{343BBF16-EC73-49EA-ACCB-365DB0F46B2D}.Debug|x64.Build.0 = Debug|Any CPU
		{343BBF16-EC73-49EA-ACCB-365DB0F46B2D}.Debug|x86.ActiveCfg = Debug|Any CPU
		{343BBF16-EC73-49EA-ACCB-365DB0F46B2D}.Debug|x86.Build.0 = Debug|Any CPU
		{343BBF16-EC73-49EA-ACCB-365DB0F46B2D}.Release|Any CPU.ActiveCfg = Release|Any CPU
		{343BBF16-EC73-49EA-ACCB-365DB0F46B2D}.Release|Any CPU.Build.0 = Release|Any CPU
		{343BBF16-EC73-49EA-ACCB-365DB0F46B2D}.Release|x64.ActiveCfg = Release|Any CPU
		{343BBF16-EC73-49EA-ACCB-365DB0F46B2D}.Release|x64.Build.0 = Release|Any CPU
		{343BBF16-EC73-49EA-ACCB-365DB0F46B2D}.Release|x86.ActiveCfg = Release|Any CPU
		{343BBF16-EC73-49EA-ACCB-365DB0F46B2D}.Release|x86.Build.0 = Release|Any CPU
		{A4CF18AF-28A1-4621-8188-406A93B692C7}.Debug|Any CPU.ActiveCfg = Debug|Any CPU
		{A4CF18AF-28A1-4621-8188-406A93B692C7}.Debug|Any CPU.Build.0 = Debug|Any CPU
		{A4CF18AF-28A1-4621-8188-406A93B692C7}.Debug|x64.ActiveCfg = Debug|Any CPU
		{A4CF18AF-28A1-4621-8188-406A93B692C7}.Debug|x64.Build.0 = Debug|Any CPU
		{A4CF18AF-28A1-4621-8188-406A93B692C7}.Debug|x86.ActiveCfg = Debug|Any CPU
		{A4CF18AF-28A1-4621-8188-406A93B692C7}.Debug|x86.Build.0 = Debug|Any CPU
		{A4CF18AF-28A1-4621-8188-406A93B692C7}.Release|Any CPU.ActiveCfg = Release|Any CPU
		{A4CF18AF-28A1-4621-8188-406A93B692C7}.Release|Any CPU.Build.0 = Release|Any CPU
		{A4CF18AF-28A1-4621-8188-406A93B692C7}.Release|x64.ActiveCfg = Release|Any CPU
		{A4CF18AF-28A1-4621-8188-406A93B692C7}.Release|x64.Build.0 = Release|Any CPU
		{A4CF18AF-28A1-4621-8188-406A93B692C7}.Release|x86.ActiveCfg = Release|Any CPU
		{A4CF18AF-28A1-4621-8188-406A93B692C7}.Release|x86.Build.0 = Release|Any CPU
		{B6D2770F-9308-4EDE-9AED-3872DD3D971F}.Debug|Any CPU.ActiveCfg = Debug|Any CPU
		{B6D2770F-9308-4EDE-9AED-3872DD3D971F}.Debug|Any CPU.Build.0 = Debug|Any CPU
		{B6D2770F-9308-4EDE-9AED-3872DD3D971F}.Debug|x64.ActiveCfg = Debug|Any CPU
		{B6D2770F-9308-4EDE-9AED-3872DD3D971F}.Debug|x64.Build.0 = Debug|Any CPU
		{B6D2770F-9308-4EDE-9AED-3872DD3D971F}.Debug|x86.ActiveCfg = Debug|Any CPU
		{B6D2770F-9308-4EDE-9AED-3872DD3D971F}.Debug|x86.Build.0 = Debug|Any CPU
		{B6D2770F-9308-4EDE-9AED-3872DD3D971F}.Release|Any CPU.ActiveCfg = Release|Any CPU
		{B6D2770F-9308-4EDE-9AED-3872DD3D971F}.Release|Any CPU.Build.0 = Release|Any CPU
		{B6D2770F-9308-4EDE-9AED-3872DD3D971F}.Release|x64.ActiveCfg = Release|Any CPU
		{B6D2770F-9308-4EDE-9AED-3872DD3D971F}.Release|x64.Build.0 = Release|Any CPU
		{B6D2770F-9308-4EDE-9AED-3872DD3D971F}.Release|x86.ActiveCfg = Release|Any CPU
		{B6D2770F-9308-4EDE-9AED-3872DD3D971F}.Release|x86.Build.0 = Release|Any CPU
	EndGlobalSection
	GlobalSection(SolutionProperties) = preSolution
		HideSolutionNode = FALSE
	EndGlobalSection
	GlobalSection(NestedProjects) = preSolution
		{87DB4F26-BCB9-4484-B956-F0F070880553} = {4DCC157F-2F99-42E1-92BE-3A0FFB8961CB}
		{A4CF18AF-28A1-4621-8188-406A93B692C7} = {4DCC157F-2F99-42E1-92BE-3A0FFB8961CB}
		{B6D2770F-9308-4EDE-9AED-3872DD3D971F} = {0AB3BF05-4346-4AA6-1389-037BE0695223}
	EndGlobalSection
	GlobalSection(ExtensibilityGlobals) = postSolution
		SolutionGuid = {787A8193-0B3E-4A85-907B-3DADC4428C48}
	EndGlobalSection
EndGlobal
