
Microsoft Visual Studio Solution File, Format Version 12.00
# Visual Studio Version 17
VisualStudioVersion = 17.0.31903.59
MinimumVisualStudioVersion = 10.0.40219.1
Project("{2150E333-8FDC-42A3-9474-1A3956D46DE8}") = "CentralApplication", "CentralApplication", "{19576566-DE15-E27A-FB63-B1EF776EBDA3}"
EndProject
Project("{FAE04EC0-301F-11D3-BF4B-00C04F79EFBC}") = "CentralApp", "CentralApplication\CentralApp\CentralApp.csproj", "{8874FEB1-8530-4857-85D2-52F538BB1166}"
EndProject
Project("{2150E333-8FDC-42A3-9474-1A3956D46DE8}") = "WorkerNodeApplication", "WorkerNodeApplication", "{B9366B1A-D18F-A0E4-5F9D-7AF9167ABFC5}"
EndProject
Project("{FAE04EC0-301F-11D3-BF4B-00C04F79EFBC}") = "WorkerNodeApp", "WorkerNodeApplication\WorkerNodeApp\WorkerNodeApp.csproj", "{6FD090E5-37AC-44D5-A5B8-999DD4FC1C9E}"
EndProject
Global
	GlobalSection(SolutionConfigurationPlatforms) = preSolution
		Debug|Any CPU = Debug|Any CPU
		Debug|x64 = Debug|x64
		Debug|x86 = Debug|x86
		Release|Any CPU = Release|Any CPU
		Release|x64 = Release|x64
		Release|x86 = Release|x86
	EndGlobalSection
	GlobalSection(ProjectConfigurationPlatforms) = postSolution
		{8874FEB1-8530-4857-85D2-52F538BB1166}.Debug|Any CPU.ActiveCfg = Debug|Any CPU
		{8874FEB1-8530-4857-85D2-52F538BB1166}.Debug|Any CPU.Build.0 = Debug|Any CPU
		{8874FEB1-8530-4857-85D2-52F538BB1166}.Debug|x64.ActiveCfg = Debug|Any CPU
		{8874FEB1-8530-4857-85D2-52F538BB1166}.Debug|x64.Build.0 = Debug|Any CPU
		{8874FEB1-8530-4857-85D2-52F538BB1166}.Debug|x86.ActiveCfg = Debug|Any CPU
		{8874FEB1-8530-4857-85D2-52F538BB1166}.Debug|x86.Build.0 = Debug|Any CPU
		{8874FEB1-8530-4857-85D2-52F538BB1166}.Release|Any CPU.ActiveCfg = Release|Any CPU
		{8874FEB1-8530-4857-85D2-52F538BB1166}.Release|Any CPU.Build.0 = Release|Any CPU
		{8874FEB1-8530-4857-85D2-52F538BB1166}.Release|x64.ActiveCfg = Release|Any CPU
		{8874FEB1-8530-4857-85D2-52F538BB1166}.Release|x64.Build.0 = Release|Any CPU
		{8874FEB1-8530-4857-85D2-52F538BB1166}.Release|x86.ActiveCfg = Release|Any CPU
		{8874FEB1-8530-4857-85D2-52F538BB1166}.Release|x86.Build.0 = Release|Any CPU
		{6FD090E5-37AC-44D5-A5B8-999DD4FC1C9E}.Debug|Any CPU.ActiveCfg = Debug|Any CPU
		{6FD090E5-37AC-44D5-A5B8-999DD4FC1C9E}.Debug|Any CPU.Build.0 = Debug|Any CPU
		{6FD090E5-37AC-44D5-A5B8-999DD4FC1C9E}.Debug|x64.ActiveCfg = Debug|Any CPU
		{6FD090E5-37AC-44D5-A5B8-999DD4FC1C9E}.Debug|x64.Build.0 = Debug|Any CPU
		{6FD090E5-37AC-44D5-A5B8-999DD4FC1C9E}.Debug|x86.ActiveCfg = Debug|Any CPU
		{6FD090E5-37AC-44D5-A5B8-999DD4FC1C9E}.Debug|x86.Build.0 = Debug|Any CPU
		{6FD090E5-37AC-44D5-A5B8-999DD4FC1C9E}.Release|Any CPU.ActiveCfg = Release|Any CPU
		{6FD090E5-37AC-44D5-A5B8-999DD4FC1C9E}.Release|Any CPU.Build.0 = Release|Any CPU
		{6FD090E5-37AC-44D5-A5B8-999DD4FC1C9E}.Release|x64.ActiveCfg = Release|Any CPU
		{6FD090E5-37AC-44D5-A5B8-999DD4FC1C9E}.Release|x64.Build.0 = Release|Any CPU
		{6FD090E5-37AC-44D5-A5B8-999DD4FC1C9E}.Release|x86.ActiveCfg = Release|Any CPU
		{6FD090E5-37AC-44D5-A5B8-999DD4FC1C9E}.Release|x86.Build.0 = Release|Any CPU
	EndGlobalSection
	GlobalSection(SolutionProperties) = preSolution
		HideSolutionNode = FALSE
	EndGlobalSection
	GlobalSection(NestedProjects) = preSolution
		{8874FEB1-8530-4857-85D2-52F538BB1166} = {19576566-DE15-E27A-FB63-B1EF776EBDA3}
		{6FD090E5-37AC-44D5-A5B8-999DD4FC1C9E} = {B9366B1A-D18F-A0E4-5F9D-7AF9167ABFC5}
	EndGlobalSection
EndGlobal
